
Microsoft Visual Studio Solution File, Format Version 12.00
# Visual Studio Version 17
VisualStudioVersion = 17.2.32519.379
MinimumVisualStudioVersion = 10.0.40219.1
Project("{9A19103F-16F7-4668-BE54-9A1E7A4F7556}") = "TerevintoSoftware.Integrator", "TerevintoSoftware.Integrator\TerevintoSoftware.Integrator.csproj", "{464AC1C1-5779-40A2-AF78-C4AC389D9234}"
EndProject
Project("{9A19103F-16F7-4668-BE54-9A1E7A4F7556}") = "TerevintoSoftware.Integrator.Tests", "TerevintoSoftware.Integrator.Tests\TerevintoSoftware.Integrator.Tests.csproj", "{7DDCF598-77F8-44CE-B527-7D03F7EF58A4}"
EndProject
Project("{2150E333-8FDC-42A3-9474-1A3956D46DE8}") = "Tests", "Tests", "{51CFD1DC-49FE-4125-BBD5-7D8AFC20BC98}"
EndProject
Project("{9A19103F-16F7-4668-BE54-9A1E7A4F7556}") = "SampleWebsite.Tests", "samples\SampleWebsite.Tests\SampleWebsite.Tests.csproj", "{AF712071-6F16-41B9-BB4E-89D592531A7B}"
EndProject
Project("{2150E333-8FDC-42A3-9474-1A3956D46DE8}") = "Solution Items", "Solution Items", "{06A7352F-FD13-4345-BE88-CD4BDCBBB170}"
	ProjectSection(SolutionItems) = preProject
		.gitignore = .gitignore
		.github\workflows\dotnet.yml = .github\workflows\dotnet.yml
		README.md = README.md
	EndProjectSection
EndProject
Project("{9A19103F-16F7-4668-BE54-9A1E7A4F7556}") = "SampleWebsite", "samples\SampleWebsite\SampleWebsite.csproj", "{00BFA0CB-AA20-4675-ABAA-F16B96D5AC31}"
EndProject
Project("{2150E333-8FDC-42A3-9474-1A3956D46DE8}") = "Samples", "Samples", "{ECDBC6B1-28C8-4F01-BF68-583FB14B4852}"
EndProject
Global
	GlobalSection(SolutionConfigurationPlatforms) = preSolution
		Debug|Any CPU = Debug|Any CPU
		Release|Any CPU = Release|Any CPU
	EndGlobalSection
	GlobalSection(ProjectConfigurationPlatforms) = postSolution
		{464AC1C1-5779-40A2-AF78-C4AC389D9234}.Debug|Any CPU.ActiveCfg = Debug|Any CPU
		{464AC1C1-5779-40A2-AF78-C4AC389D9234}.Debug|Any CPU.Build.0 = Debug|Any CPU
		{464AC1C1-5779-40A2-AF78-C4AC389D9234}.Release|Any CPU.ActiveCfg = Release|Any CPU
		{464AC1C1-5779-40A2-AF78-C4AC389D9234}.Release|Any CPU.Build.0 = Release|Any CPU
		{7DDCF598-77F8-44CE-B527-7D03F7EF58A4}.Debug|Any CPU.ActiveCfg = Debug|Any CPU
		{7DDCF598-77F8-44CE-B527-7D03F7EF58A4}.Debug|Any CPU.Build.0 = Debug|Any CPU
		{7DDCF598-77F8-44CE-B527-7D03F7EF58A4}.Release|Any CPU.ActiveCfg = Release|Any CPU
		{7DDCF598-77F8-44CE-B527-7D03F7EF58A4}.Release|Any CPU.Build.0 = Release|Any CPU
		{AF712071-6F16-41B9-BB4E-89D592531A7B}.Debug|Any CPU.ActiveCfg = Debug|Any CPU
		{AF712071-6F16-41B9-BB4E-89D592531A7B}.Debug|Any CPU.Build.0 = Debug|Any CPU
		{AF712071-6F16-41B9-BB4E-89D592531A7B}.Release|Any CPU.ActiveCfg = Release|Any CPU
		{AF712071-6F16-41B9-BB4E-89D592531A7B}.Release|Any CPU.Build.0 = Release|Any CPU
		{00BFA0CB-AA20-4675-ABAA-F16B96D5AC31}.Debug|Any CPU.ActiveCfg = Debug|Any CPU
		{00BFA0CB-AA20-4675-ABAA-F16B96D5AC31}.Debug|Any CPU.Build.0 = Debug|Any CPU
		{00BFA0CB-AA20-4675-ABAA-F16B96D5AC31}.Release|Any CPU.ActiveCfg = Release|Any CPU
		{00BFA0CB-AA20-4675-ABAA-F16B96D5AC31}.Release|Any CPU.Build.0 = Release|Any CPU
	EndGlobalSection
	GlobalSection(SolutionProperties) = preSolution
		HideSolutionNode = FALSE
	EndGlobalSection
	GlobalSection(NestedProjects) = preSolution
		{7DDCF598-77F8-44CE-B527-7D03F7EF58A4} = {51CFD1DC-49FE-4125-BBD5-7D8AFC20BC98}
		{AF712071-6F16-41B9-BB4E-89D592531A7B} = {ECDBC6B1-28C8-4F01-BF68-583FB14B4852}
		{00BFA0CB-AA20-4675-ABAA-F16B96D5AC31} = {ECDBC6B1-28C8-4F01-BF68-583FB14B4852}
	EndGlobalSection
	GlobalSection(ExtensibilityGlobals) = postSolution
		SolutionGuid = {2CA21E2F-6CDC-45DF-BAAC-ED37E2AA0A88}
	EndGlobalSection
EndGlobal
